
Microsoft Visual Studio Solution File, Format Version 12.00
# Visual Studio 15
VisualStudioVersion = 15.0.28010.2046
MinimumVisualStudioVersion = 10.0.40219.1
Project("{00D1A9C2-B5F0-4AF3-8072-F6C62B433612}") = "AssurBox.Samples.API.Insurance.DB", "AssurBox.Samples.API.Insurance.DB\AssurBox.Samples.API.Insurance.DB.sqlproj", "{886A5F26-7F09-4ACC-A33C-94DECD9E8CFB}"
EndProject
Project("{FAE04EC0-301F-11D3-BF4B-00C04F79EFBC}") = "AssurBox.Samples.API.Insurance", "AssurBox.Samples.API.Insurance\AssurBox.Samples.API.Insurance.csproj", "{23919174-4EA4-4596-ACE8-DA428B4DC774}"
EndProject
Global
	GlobalSection(SolutionConfigurationPlatforms) = preSolution
		Debug|Any CPU = Debug|Any CPU
		Demo|Any CPU = Demo|Any CPU
		Release|Any CPU = Release|Any CPU
		sandbox|Any CPU = sandbox|Any CPU
	EndGlobalSection
	GlobalSection(ProjectConfigurationPlatforms) = postSolution
		{886A5F26-7F09-4ACC-A33C-94DECD9E8CFB}.Debug|Any CPU.ActiveCfg = Debug|Any CPU
		{886A5F26-7F09-4ACC-A33C-94DECD9E8CFB}.Debug|Any CPU.Build.0 = Debug|Any CPU
		{886A5F26-7F09-4ACC-A33C-94DECD9E8CFB}.Debug|Any CPU.Deploy.0 = Debug|Any CPU
		{886A5F26-7F09-4ACC-A33C-94DECD9E8CFB}.Demo|Any CPU.ActiveCfg = Demo|Any CPU
		{886A5F26-7F09-4ACC-A33C-94DECD9E8CFB}.Demo|Any CPU.Build.0 = Demo|Any CPU
		{886A5F26-7F09-4ACC-A33C-94DECD9E8CFB}.Demo|Any CPU.Deploy.0 = Demo|Any CPU
		{886A5F26-7F09-4ACC-A33C-94DECD9E8CFB}.Release|Any CPU.ActiveCfg = Release|Any CPU
		{886A5F26-7F09-4ACC-A33C-94DECD9E8CFB}.Release|Any CPU.Build.0 = Release|Any CPU
		{886A5F26-7F09-4ACC-A33C-94DECD9E8CFB}.Release|Any CPU.Deploy.0 = Release|Any CPU
		{886A5F26-7F09-4ACC-A33C-94DECD9E8CFB}.sandbox|Any CPU.ActiveCfg = sandbox|Any CPU
		{886A5F26-7F09-4ACC-A33C-94DECD9E8CFB}.sandbox|Any CPU.Build.0 = sandbox|Any CPU
		{886A5F26-7F09-4ACC-A33C-94DECD9E8CFB}.sandbox|Any CPU.Deploy.0 = sandbox|Any CPU
		{23919174-4EA4-4596-ACE8-DA428B4DC774}.Debug|Any CPU.ActiveCfg = Debug|Any CPU
		{23919174-4EA4-4596-ACE8-DA428B4DC774}.Debug|Any CPU.Build.0 = Debug|Any CPU
		{23919174-4EA4-4596-ACE8-DA428B4DC774}.Demo|Any CPU.ActiveCfg = Demo|Any CPU
		{23919174-4EA4-4596-ACE8-DA428B4DC774}.Demo|Any CPU.Build.0 = Demo|Any CPU
		{23919174-4EA4-4596-ACE8-DA428B4DC774}.Release|Any CPU.ActiveCfg = Release|Any CPU
		{23919174-4EA4-4596-ACE8-DA428B4DC774}.Release|Any CPU.Build.0 = Release|Any CPU
		{23919174-4EA4-4596-ACE8-DA428B4DC774}.sandbox|Any CPU.ActiveCfg = sandbox|Any CPU
		{23919174-4EA4-4596-ACE8-DA428B4DC774}.sandbox|Any CPU.Build.0 = sandbox|Any CPU
	EndGlobalSection
	GlobalSection(SolutionProperties) = preSolution
		HideSolutionNode = FALSE
	EndGlobalSection
	GlobalSection(ExtensibilityGlobals) = postSolution
		SolutionGuid = {EC6E10FD-F38D-42A1-A803-D76F31DC8423}
	EndGlobalSection
EndGlobal
